
Microsoft Visual Studio Solution File, Format Version 12.00
# Visual Studio Version 17
VisualStudioVersion = 17.14.36603.0
MinimumVisualStudioVersion = 10.0.40219.1
Project("{FAE04EC0-301F-11D3-BF4B-00C04F79EFBC}") = "Downsort", "Downsort\Downsort.csproj", "{42C3990E-15AE-47DF-9D73-22D8C68C7DB7}"
EndProject
Project("{FAE04EC0-301F-11D3-BF4B-00C04F79EFBC}") = "DownSort.Domain", "DownSort.Domain\DownSort.Domain.csproj", "{50EE55F9-B774-DBA0-6B2E-CACFD14C9F26}"
EndProject
Project("{FAE04EC0-301F-11D3-BF4B-00C04F79EFBC}") = "DownSort.Infrastructure", "DownSort.Infrastructure\DownSort.Infrastructure.csproj", "{ED3CBB80-41C8-83B7-D715-80DCBB69DE9C}"
EndProject
Project("{FAE04EC0-301F-11D3-BF4B-00C04F79EFBC}") = "DownSort.Tests", "DownSort.Tests\DownSort.Tests.csproj", "{56753966-E4F3-8B4A-2652-5BECFC00DF34}"
EndProject
Global
	GlobalSection(SolutionConfigurationPlatforms) = preSolution
		Debug|Any CPU = Debug|Any CPU
		Release|Any CPU = Release|Any CPU
	EndGlobalSection
	GlobalSection(ProjectConfigurationPlatforms) = postSolution
		{42C3990E-15AE-47DF-9D73-22D8C68C7DB7}.Debug|Any CPU.ActiveCfg = Debug|Any CPU
		{42C3990E-15AE-47DF-9D73-22D8C68C7DB7}.Debug|Any CPU.Build.0 = Debug|Any CPU
		{42C3990E-15AE-47DF-9D73-22D8C68C7DB7}.Release|Any CPU.ActiveCfg = Release|Any CPU
		{42C3990E-15AE-47DF-9D73-22D8C68C7DB7}.Release|Any CPU.Build.0 = Release|Any CPU
		{50EE55F9-B774-DBA0-6B2E-CACFD14C9F26}.Debug|Any CPU.ActiveCfg = Debug|Any CPU
		{50EE55F9-B774-DBA0-6B2E-CACFD14C9F26}.Debug|Any CPU.Build.0 = Debug|Any CPU
		{50EE55F9-B774-DBA0-6B2E-CACFD14C9F26}.Release|Any CPU.ActiveCfg = Release|Any CPU
		{50EE55F9-B774-DBA0-6B2E-CACFD14C9F26}.Release|Any CPU.Build.0 = Release|Any CPU
		{ED3CBB80-41C8-83B7-D715-80DCBB69DE9C}.Debug|Any CPU.ActiveCfg = Debug|Any CPU
		{ED3CBB80-41C8-83B7-D715-80DCBB69DE9C}.Debug|Any CPU.Build.0 = Debug|Any CPU
		{ED3CBB80-41C8-83B7-D715-80DCBB69DE9C}.Release|Any CPU.ActiveCfg = Release|Any CPU
		{ED3CBB80-41C8-83B7-D715-80DCBB69DE9C}.Release|Any CPU.Build.0 = Release|Any CPU
		{56753966-E4F3-8B4A-2652-5BECFC00DF34}.Debug|Any CPU.ActiveCfg = Debug|Any CPU
		{56753966-E4F3-8B4A-2652-5BECFC00DF34}.Debug|Any CPU.Build.0 = Debug|Any CPU
		{56753966-E4F3-8B4A-2652-5BECFC00DF34}.Release|Any CPU.ActiveCfg = Release|Any CPU
		{56753966-E4F3-8B4A-2652-5BECFC00DF34}.Release|Any CPU.Build.0 = Release|Any CPU
	EndGlobalSection
	GlobalSection(SolutionProperties) = preSolution
		HideSolutionNode = FALSE
	EndGlobalSection
	GlobalSection(ExtensibilityGlobals) = postSolution
		SolutionGuid = {F40626CB-FD73-4594-9D29-531073C8CBBE}
	EndGlobalSection
EndGlobal
